{
  "version": 4,
  "terraform_version": "1.5.3",
  "serial": 85,
  "lineage": "f36a92a1-cd0a-8ecb-f554-2c13e8b33d1f",
  "outputs": {
    "public_ip": {
      "value": "98.71.223.40",
      "type": "string"
    }
  },
  "resources": [
    {
      "mode": "data",
      "type": "azurerm_image",
      "name": "main",
      "provider": "provider[\"registry.terraform.io/hashicorp/azurerm\"]",
      "instances": [
        {
          "schema_version": 0,
          "attributes": {
            "data_disk": [],
            "id": "/subscriptions/848baf1b-afe1-4486-aa6c-1544eadf1fb6/resourceGroups/udacity/providers/Microsoft.Compute/images/UdacityPackerImage",
            "location": "westeurope",
            "name": "UdacityPackerImage",
            "name_regex": null,
            "os_disk": [
              {
                "blob_uri": "",
                "caching": "ReadWrite",
                "managed_disk_id": "/subscriptions/848baf1b-afe1-4486-aa6c-1544eadf1fb6/resourceGroups/pkr-Resource-Group-l1jfyg8fce/providers/Microsoft.Compute/disks/pkrosl1jfyg8fce",
                "os_state": "Generalized",
                "os_type": "Linux",
                "size_gb": 30
              }
            ],
            "resource_group_name": "udacity",
            "sort_descending": false,
            "tags": {
              "task": "Create a server image",
              "udacity": "C1"
            },
            "timeouts": null,
            "zone_resilient": false
          },
          "sensitive_attributes": []
        }
      ]
    },
    {
      "mode": "data",
      "type": "azurerm_resource_group",
      "name": "main",
      "provider": "provider[\"registry.terraform.io/hashicorp/azurerm\"]",
      "instances": [
        {
          "schema_version": 0,
          "attributes": {
            "id": "/subscriptions/848baf1b-afe1-4486-aa6c-1544eadf1fb6/resourceGroups/udacity",
            "location": "westeurope",
            "managed_by": "",
            "name": "udacity",
            "tags": {},
            "timeouts": null
          },
          "sensitive_attributes": []
        }
      ]
    },
    {
      "mode": "managed",
      "type": "azurerm_availability_set",
      "name": "main",
      "provider": "provider[\"registry.terraform.io/hashicorp/azurerm\"]",
      "instances": [
        {
          "schema_version": 0,
          "attributes": {
            "id": "/subscriptions/848baf1b-afe1-4486-aa6c-1544eadf1fb6/resourceGroups/udacity/providers/Microsoft.Compute/availabilitySets/udacity-c1-availability-set",
            "location": "westeurope",
            "managed": true,
            "name": "udacity-c1-availability-set",
            "platform_fault_domain_count": 2,
            "platform_update_domain_count": 2,
            "proximity_placement_group_id": null,
            "resource_group_name": "udacity",
            "tags": {
              "udacity": "C1"
            },
            "timeouts": null
          },
          "sensitive_attributes": [],
          "private": "eyJlMmJmYjczMC1lY2FhLTExZTYtOGY4OC0zNDM2M2JjN2M0YzAiOnsiY3JlYXRlIjoxODAwMDAwMDAwMDAwLCJkZWxldGUiOjE4MDAwMDAwMDAwMDAsInJlYWQiOjMwMDAwMDAwMDAwMCwidXBkYXRlIjoxODAwMDAwMDAwMDAwfX0=",
          "dependencies": [
            "data.azurerm_resource_group.main"
          ]
        }
      ]
    },
    {
      "mode": "managed",
      "type": "azurerm_lb",
      "name": "main",
      "provider": "provider[\"registry.terraform.io/hashicorp/azurerm\"]",
      "instances": [
        {
          "schema_version": 0,
          "attributes": {
            "edge_zone": "",
            "frontend_ip_configuration": [
              {
                "gateway_load_balancer_frontend_ip_configuration_id": "",
                "id": "/subscriptions/848baf1b-afe1-4486-aa6c-1544eadf1fb6/resourceGroups/udacity/providers/Microsoft.Network/loadBalancers/udacity-c1-load-balancer/frontendIPConfigurations/udacity-c1-public-ip",
                "inbound_nat_rules": [],
                "load_balancer_rules": [
                  "/subscriptions/848baf1b-afe1-4486-aa6c-1544eadf1fb6/resourceGroups/udacity/providers/Microsoft.Network/loadBalancers/udacity-c1-load-balancer/loadBalancingRules/udacity-c1-rule"
                ],
                "name": "udacity-c1-public-ip",
                "outbound_rules": [],
                "private_ip_address": "",
                "private_ip_address_allocation": "Dynamic",
                "private_ip_address_version": "",
                "public_ip_address_id": "/subscriptions/848baf1b-afe1-4486-aa6c-1544eadf1fb6/resourceGroups/udacity/providers/Microsoft.Network/publicIPAddresses/udacity-c1-public-ip",
                "public_ip_prefix_id": "",
                "subnet_id": "",
                "zones": []
              }
            ],
            "id": "/subscriptions/848baf1b-afe1-4486-aa6c-1544eadf1fb6/resourceGroups/udacity/providers/Microsoft.Network/loadBalancers/udacity-c1-load-balancer",
            "location": "westeurope",
            "name": "udacity-c1-load-balancer",
            "private_ip_address": "",
            "private_ip_addresses": [],
            "resource_group_name": "udacity",
            "sku": "Standard",
            "sku_tier": "Regional",
            "tags": {
              "udacity": "C1"
            },
            "timeouts": null
          },
          "sensitive_attributes": [],
          "private": "eyJlMmJmYjczMC1lY2FhLTExZTYtOGY4OC0zNDM2M2JjN2M0YzAiOnsiY3JlYXRlIjoxODAwMDAwMDAwMDAwLCJkZWxldGUiOjE4MDAwMDAwMDAwMDAsInJlYWQiOjMwMDAwMDAwMDAwMCwidXBkYXRlIjoxODAwMDAwMDAwMDAwfX0=",
          "dependencies": [
            "azurerm_public_ip.main",
            "data.azurerm_resource_group.main"
          ]
        }
      ]
    },
    {
      "mode": "managed",
      "type": "azurerm_lb_backend_address_pool",
      "name": "main",
      "provider": "provider[\"registry.terraform.io/hashicorp/azurerm\"]",
      "instances": [
        {
          "schema_version": 0,
          "attributes": {
            "backend_ip_configurations": [
              "/subscriptions/848baf1b-afe1-4486-aa6c-1544eadf1fb6/resourceGroups/udacity/providers/Microsoft.Network/networkInterfaces/udacity-c1-network-interface/ipConfigurations/public"
            ],
            "id": "/subscriptions/848baf1b-afe1-4486-aa6c-1544eadf1fb6/resourceGroups/udacity/providers/Microsoft.Network/loadBalancers/udacity-c1-load-balancer/backendAddressPools/udacity-c1-backend-address-pool",
            "inbound_nat_rules": [],
            "load_balancing_rules": [],
            "loadbalancer_id": "/subscriptions/848baf1b-afe1-4486-aa6c-1544eadf1fb6/resourceGroups/udacity/providers/Microsoft.Network/loadBalancers/udacity-c1-load-balancer",
            "name": "udacity-c1-backend-address-pool",
            "outbound_rules": [],
            "timeouts": null,
            "tunnel_interface": [],
            "virtual_network_id": ""
          },
          "sensitive_attributes": [],
          "private": "eyJlMmJmYjczMC1lY2FhLTExZTYtOGY4OC0zNDM2M2JjN2M0YzAiOnsiY3JlYXRlIjoxODAwMDAwMDAwMDAwLCJkZWxldGUiOjE4MDAwMDAwMDAwMDAsInJlYWQiOjMwMDAwMDAwMDAwMCwidXBkYXRlIjoxODAwMDAwMDAwMDAwfX0=",
          "dependencies": [
            "azurerm_lb.main",
            "azurerm_public_ip.main",
            "data.azurerm_resource_group.main"
          ]
        }
      ]
    },
    {
      "mode": "managed",
      "type": "azurerm_lb_probe",
      "name": "main",
      "provider": "provider[\"registry.terraform.io/hashicorp/azurerm\"]",
      "instances": [
        {
          "schema_version": 0,
          "attributes": {
            "id": "/subscriptions/848baf1b-afe1-4486-aa6c-1544eadf1fb6/resourceGroups/udacity/providers/Microsoft.Network/loadBalancers/udacity-c1-load-balancer/probes/udacity-c1-probe",
            "interval_in_seconds": 15,
            "load_balancer_rules": [
              "/subscriptions/848baf1b-afe1-4486-aa6c-1544eadf1fb6/resourceGroups/udacity/providers/Microsoft.Network/loadBalancers/udacity-c1-load-balancer/loadBalancingRules/udacity-c1-rule"
            ],
            "loadbalancer_id": "/subscriptions/848baf1b-afe1-4486-aa6c-1544eadf1fb6/resourceGroups/udacity/providers/Microsoft.Network/loadBalancers/udacity-c1-load-balancer",
            "name": "udacity-c1-probe",
            "number_of_probes": 2,
            "port": 80,
            "probe_threshold": 1,
            "protocol": "Tcp",
            "request_path": "",
            "timeouts": null
          },
          "sensitive_attributes": [],
          "private": "eyJlMmJmYjczMC1lY2FhLTExZTYtOGY4OC0zNDM2M2JjN2M0YzAiOnsiY3JlYXRlIjoxODAwMDAwMDAwMDAwLCJkZWxldGUiOjE4MDAwMDAwMDAwMDAsInJlYWQiOjMwMDAwMDAwMDAwMCwidXBkYXRlIjoxODAwMDAwMDAwMDAwfX0=",
          "dependencies": [
            "azurerm_lb.main",
            "azurerm_public_ip.main",
            "data.azurerm_resource_group.main"
          ]
        }
      ]
    },
    {
      "mode": "managed",
      "type": "azurerm_lb_rule",
      "name": "main",
      "provider": "provider[\"registry.terraform.io/hashicorp/azurerm\"]",
      "instances": [
        {
          "schema_version": 0,
          "attributes": {
            "backend_address_pool_ids": [],
            "backend_port": 80,
            "disable_outbound_snat": false,
            "enable_floating_ip": false,
            "enable_tcp_reset": true,
            "frontend_ip_configuration_id": "/subscriptions/848baf1b-afe1-4486-aa6c-1544eadf1fb6/resourceGroups/udacity/providers/Microsoft.Network/loadBalancers/udacity-c1-load-balancer/frontendIPConfigurations/udacity-c1-public-ip",
            "frontend_ip_configuration_name": "udacity-c1-public-ip",
            "frontend_port": 80,
            "id": "/subscriptions/848baf1b-afe1-4486-aa6c-1544eadf1fb6/resourceGroups/udacity/providers/Microsoft.Network/loadBalancers/udacity-c1-load-balancer/loadBalancingRules/udacity-c1-rule",
            "idle_timeout_in_minutes": 15,
            "load_distribution": "Default",
            "loadbalancer_id": "/subscriptions/848baf1b-afe1-4486-aa6c-1544eadf1fb6/resourceGroups/udacity/providers/Microsoft.Network/loadBalancers/udacity-c1-load-balancer",
            "name": "udacity-c1-rule",
            "probe_id": "/subscriptions/848baf1b-afe1-4486-aa6c-1544eadf1fb6/resourceGroups/udacity/providers/Microsoft.Network/loadBalancers/udacity-c1-load-balancer/probes/udacity-c1-probe",
            "protocol": "Tcp",
            "timeouts": null
          },
          "sensitive_attributes": [],
          "private": "eyJlMmJmYjczMC1lY2FhLTExZTYtOGY4OC0zNDM2M2JjN2M0YzAiOnsiY3JlYXRlIjoxODAwMDAwMDAwMDAwLCJkZWxldGUiOjE4MDAwMDAwMDAwMDAsInJlYWQiOjMwMDAwMDAwMDAwMCwidXBkYXRlIjoxODAwMDAwMDAwMDAwfX0=",
          "dependencies": [
            "azurerm_lb.main",
            "azurerm_lb_probe.main",
            "azurerm_public_ip.main",
            "data.azurerm_resource_group.main"
          ]
        }
      ]
    },
    {
      "mode": "managed",
      "type": "azurerm_linux_virtual_machine",
      "name": "main",
      "provider": "provider[\"registry.terraform.io/hashicorp/azurerm\"]",
      "instances": [
        {
          "index_key": 0,
          "schema_version": 0,
          "attributes": {
            "additional_capabilities": [],
            "admin_password": "secret$123",
            "admin_ssh_key": [],
            "admin_username": "secret",
            "allow_extension_operations": true,
            "availability_set_id": "/subscriptions/848baf1b-afe1-4486-aa6c-1544eadf1fb6/resourceGroups/udacity/providers/Microsoft.Compute/availabilitySets/UDACITY-C1-AVAILABILITY-SET",
            "boot_diagnostics": [],
            "bypass_platform_safety_checks_on_user_schedule_enabled": false,
            "capacity_reservation_group_id": "",
            "computer_name": "udacity-c1-vm-0",
            "custom_data": null,
            "dedicated_host_group_id": "",
            "dedicated_host_id": "",
            "disable_password_authentication": false,
            "edge_zone": "",
            "encryption_at_host_enabled": false,
            "eviction_policy": "",
            "extensions_time_budget": "PT1H30M",
            "gallery_application": [],
            "id": "/subscriptions/848baf1b-afe1-4486-aa6c-1544eadf1fb6/resourceGroups/udacity/providers/Microsoft.Compute/virtualMachines/udacity-c1-vm-0",
            "identity": [],
            "license_type": "",
            "location": "westeurope",
            "max_bid_price": -1,
            "name": "udacity-c1-vm-0",
            "network_interface_ids": [
              "/subscriptions/848baf1b-afe1-4486-aa6c-1544eadf1fb6/resourceGroups/udacity/providers/Microsoft.Network/networkInterfaces/udacity-c1-network-interface"
            ],
            "os_disk": [
              {
                "caching": "ReadWrite",
                "diff_disk_settings": [],
                "disk_encryption_set_id": "",
                "disk_size_gb": 30,
                "name": "udacity-c1-vm-0_disk1_5ac73e21d3df45b8b268bff83a3adbaf",
                "secure_vm_disk_encryption_set_id": "",
                "security_encryption_type": "",
                "storage_account_type": "Standard_LRS",
                "write_accelerator_enabled": false
              }
            ],
            "patch_assessment_mode": "ImageDefault",
            "patch_mode": "ImageDefault",
            "plan": [],
            "platform_fault_domain": -1,
            "priority": "Regular",
            "private_ip_address": "10.0.2.4",
            "private_ip_addresses": [
              "10.0.2.4"
            ],
            "provision_vm_agent": true,
            "proximity_placement_group_id": "",
            "public_ip_address": "",
            "public_ip_addresses": [],
            "reboot_setting": "",
            "resource_group_name": "udacity",
            "secret": [],
            "secure_boot_enabled": false,
            "size": "Standard_B1s",
            "source_image_id": "/subscriptions/848baf1b-afe1-4486-aa6c-1544eadf1fb6/resourceGroups/udacity/providers/Microsoft.Compute/images/UdacityPackerImage",
            "source_image_reference": [],
            "tags": {
              "udacity": "C1"
            },
            "termination_notification": [],
            "timeouts": null,
            "user_data": "",
            "virtual_machine_id": "47884cb1-c0e1-4254-8768-aacacde4b2b9",
            "virtual_machine_scale_set_id": "",
            "vtpm_enabled": false,
            "zone": ""
          },
          "sensitive_attributes": [],
          "private": "eyJlMmJmYjczMC1lY2FhLTExZTYtOGY4OC0zNDM2M2JjN2M0YzAiOnsiY3JlYXRlIjoyNzAwMDAwMDAwMDAwLCJkZWxldGUiOjI3MDAwMDAwMDAwMDAsInJlYWQiOjMwMDAwMDAwMDAwMCwidXBkYXRlIjoyNzAwMDAwMDAwMDAwfX0=",
          "dependencies": [
            "azurerm_availability_set.main",
            "azurerm_network_interface.main",
            "azurerm_resource_group.main",
            "azurerm_subnet.internal",
            "azurerm_virtual_network.main",
            "data.azurerm_image.main",
            "data.azurerm_resource_group.main"
          ]
        }
      ]
    },
    {
      "mode": "managed",
      "type": "azurerm_network_interface",
      "name": "main",
      "provider": "provider[\"registry.terraform.io/hashicorp/azurerm\"]",
      "instances": [
        {
          "schema_version": 0,
          "attributes": {
            "applied_dns_servers": [],
            "dns_servers": [],
            "edge_zone": "",
            "enable_accelerated_networking": false,
            "enable_ip_forwarding": false,
            "id": "/subscriptions/848baf1b-afe1-4486-aa6c-1544eadf1fb6/resourceGroups/udacity/providers/Microsoft.Network/networkInterfaces/udacity-c1-network-interface",
            "internal_dns_name_label": "",
            "internal_domain_name_suffix": "xzojfu01dptuzmw4lkugnho4ze.ax.internal.cloudapp.net",
            "ip_configuration": [
              {
                "gateway_load_balancer_frontend_ip_configuration_id": "",
                "name": "public",
                "primary": true,
                "private_ip_address": "10.0.2.4",
                "private_ip_address_allocation": "Dynamic",
                "private_ip_address_version": "IPv4",
                "public_ip_address_id": "",
                "subnet_id": "/subscriptions/848baf1b-afe1-4486-aa6c-1544eadf1fb6/resourceGroups/udacity/providers/Microsoft.Network/virtualNetworks/udacity-c1-network/subnets/internal"
              }
            ],
            "location": "westeurope",
            "mac_address": "00-0D-3A-AB-5A-2A",
            "name": "udacity-c1-network-interface",
            "private_ip_address": "10.0.2.4",
            "private_ip_addresses": [
              "10.0.2.4"
            ],
            "resource_group_name": "udacity",
            "tags": {
              "udacity": "C1"
            },
            "timeouts": null,
            "virtual_machine_id": "/subscriptions/848baf1b-afe1-4486-aa6c-1544eadf1fb6/resourceGroups/udacity/providers/Microsoft.Compute/virtualMachines/udacity-c1-vm-0"
          },
          "sensitive_attributes": [],
          "private": "eyJlMmJmYjczMC1lY2FhLTExZTYtOGY4OC0zNDM2M2JjN2M0YzAiOnsiY3JlYXRlIjoxODAwMDAwMDAwMDAwLCJkZWxldGUiOjE4MDAwMDAwMDAwMDAsInJlYWQiOjMwMDAwMDAwMDAwMCwidXBkYXRlIjoxODAwMDAwMDAwMDAwfX0=",
          "dependencies": [
            "azurerm_resource_group.main",
            "azurerm_subnet.internal",
            "azurerm_virtual_network.main"
          ]
        }
      ]
    },
    {
      "mode": "managed",
      "type": "azurerm_network_interface_backend_address_pool_association",
      "name": "main",
      "provider": "provider[\"registry.terraform.io/hashicorp/azurerm\"]",
      "instances": [
        {
          "index_key": 0,
          "schema_version": 0,
          "attributes": {
            "backend_address_pool_id": "/subscriptions/848baf1b-afe1-4486-aa6c-1544eadf1fb6/resourceGroups/udacity/providers/Microsoft.Network/loadBalancers/udacity-c1-load-balancer/backendAddressPools/udacity-c1-backend-address-pool",
            "id": "/subscriptions/848baf1b-afe1-4486-aa6c-1544eadf1fb6/resourceGroups/udacity/providers/Microsoft.Network/networkInterfaces/udacity-c1-network-interface/ipConfigurations/public|/subscriptions/848baf1b-afe1-4486-aa6c-1544eadf1fb6/resourceGroups/udacity/providers/Microsoft.Network/loadBalancers/udacity-c1-load-balancer/backendAddressPools/udacity-c1-backend-address-pool",
            "ip_configuration_name": "public",
            "network_interface_id": "/subscriptions/848baf1b-afe1-4486-aa6c-1544eadf1fb6/resourceGroups/udacity/providers/Microsoft.Network/networkInterfaces/udacity-c1-network-interface",
            "timeouts": null
          },
          "sensitive_attributes": [],
          "private": "eyJlMmJmYjczMC1lY2FhLTExZTYtOGY4OC0zNDM2M2JjN2M0YzAiOnsiY3JlYXRlIjoxODAwMDAwMDAwMDAwLCJkZWxldGUiOjE4MDAwMDAwMDAwMDAsInJlYWQiOjMwMDAwMDAwMDAwMCwidXBkYXRlIjoxODAwMDAwMDAwMDAwfX0=",
          "dependencies": [
            "azurerm_lb.main",
            "azurerm_lb_backend_address_pool.main",
            "azurerm_network_interface.main",
            "azurerm_public_ip.main",
            "azurerm_resource_group.main",
            "azurerm_subnet.internal",
            "azurerm_virtual_network.main",
            "data.azurerm_resource_group.main"
          ]
        }
      ]
    },
    {
      "mode": "managed",
      "type": "azurerm_network_interface_security_group_association",
      "name": "main",
      "provider": "provider[\"registry.terraform.io/hashicorp/azurerm\"]",
      "instances": [
        {
          "index_key": 0,
          "schema_version": 0,
          "attributes": {
            "id": "/subscriptions/848baf1b-afe1-4486-aa6c-1544eadf1fb6/resourceGroups/udacity/providers/Microsoft.Network/networkInterfaces/udacity-c1-network-interface|/subscriptions/848baf1b-afe1-4486-aa6c-1544eadf1fb6/resourceGroups/udacity/providers/Microsoft.Network/networkSecurityGroups/udacity-c1-main-0",
            "network_interface_id": "/subscriptions/848baf1b-afe1-4486-aa6c-1544eadf1fb6/resourceGroups/udacity/providers/Microsoft.Network/networkInterfaces/udacity-c1-network-interface",
            "network_security_group_id": "/subscriptions/848baf1b-afe1-4486-aa6c-1544eadf1fb6/resourceGroups/udacity/providers/Microsoft.Network/networkSecurityGroups/udacity-c1-main-0",
            "timeouts": null
          },
          "sensitive_attributes": [],
          "private": "eyJlMmJmYjczMC1lY2FhLTExZTYtOGY4OC0zNDM2M2JjN2M0YzAiOnsiY3JlYXRlIjoxODAwMDAwMDAwMDAwLCJkZWxldGUiOjE4MDAwMDAwMDAwMDAsInJlYWQiOjMwMDAwMDAwMDAwMCwidXBkYXRlIjoxODAwMDAwMDAwMDAwfX0=",
          "dependencies": [
            "azurerm_network_interface.main",
            "azurerm_network_security_group.main",
            "azurerm_resource_group.main",
            "azurerm_subnet.internal",
            "azurerm_virtual_network.main",
            "data.azurerm_resource_group.main"
          ]
        }
      ]
    },
    {
      "mode": "managed",
      "type": "azurerm_network_security_group",
      "name": "main",
      "provider": "provider[\"registry.terraform.io/hashicorp/azurerm\"]",
      "instances": [
        {
          "index_key": 0,
          "schema_version": 0,
          "attributes": {
            "id": "/subscriptions/848baf1b-afe1-4486-aa6c-1544eadf1fb6/resourceGroups/udacity/providers/Microsoft.Network/networkSecurityGroups/udacity-c1-main-0",
            "location": "westeurope",
            "name": "udacity-c1-main-0",
            "resource_group_name": "udacity",
            "security_rule": [
              {
                "access": "Allow",
                "description": "Allow HTTP Traffic from the Load Balancer to the VMs.",
                "destination_address_prefix": "10.0.2.0/24",
                "destination_address_prefixes": [],
                "destination_application_security_group_ids": [],
                "destination_port_range": "*",
                "destination_port_ranges": [],
                "direction": "Inbound",
                "name": "allowHttp",
                "priority": 300,
                "protocol": "Tcp",
                "source_address_prefix": "10.0.2.0/24",
                "source_address_prefixes": [],
                "source_application_security_group_ids": [],
                "source_port_range": "80",
                "source_port_ranges": []
              },
              {
                "access": "Allow",
                "description": "Allow access between VMs within virtual network.",
                "destination_address_prefix": "10.0.2.0/24",
                "destination_address_prefixes": [],
                "destination_application_security_group_ids": [],
                "destination_port_range": "*",
                "destination_port_ranges": [],
                "direction": "Inbound",
                "name": "accessInboundBetweenVM",
                "priority": 100,
                "protocol": "*",
                "source_address_prefix": "10.0.2.0/24",
                "source_address_prefixes": [],
                "source_application_security_group_ids": [],
                "source_port_range": "*",
                "source_port_ranges": []
              },
              {
                "access": "Allow",
                "description": "Allow outbound acces from vms.",
                "destination_address_prefix": "10.0.2.0/24",
                "destination_address_prefixes": [],
                "destination_application_security_group_ids": [],
                "destination_port_range": "*",
                "destination_port_ranges": [],
                "direction": "Outbound",
                "name": "accessOutboundBetweenVM",
                "priority": 200,
                "protocol": "*",
                "source_address_prefix": "10.0.2.0/24",
                "source_address_prefixes": [],
                "source_application_security_group_ids": [],
                "source_port_range": "*",
                "source_port_ranges": []
              },
              {
                "access": "Deny",
                "description": "Deny direct acces from internet.",
                "destination_address_prefix": "10.0.2.0/24",
                "destination_address_prefixes": [],
                "destination_application_security_group_ids": [],
                "destination_port_range": "*",
                "destination_port_ranges": [],
                "direction": "Inbound",
                "name": "denyPublicAccess",
                "priority": 400,
                "protocol": "*",
                "source_address_prefix": "*",
                "source_address_prefixes": [],
                "source_application_security_group_ids": [],
                "source_port_range": "*",
                "source_port_ranges": []
              }
            ],
            "tags": {
              "udacity": "C1"
            },
            "timeouts": null
          },
          "sensitive_attributes": [],
          "private": "eyJlMmJmYjczMC1lY2FhLTExZTYtOGY4OC0zNDM2M2JjN2M0YzAiOnsiY3JlYXRlIjoxODAwMDAwMDAwMDAwLCJkZWxldGUiOjE4MDAwMDAwMDAwMDAsInJlYWQiOjMwMDAwMDAwMDAwMCwidXBkYXRlIjoxODAwMDAwMDAwMDAwfX0=",
          "dependencies": [
            "azurerm_subnet.internal",
            "data.azurerm_resource_group.main"
          ]
        },
        {
          "index_key": 1,
          "schema_version": 0,
          "attributes": {
            "id": "/subscriptions/848baf1b-afe1-4486-aa6c-1544eadf1fb6/resourceGroups/udacity/providers/Microsoft.Network/networkSecurityGroups/udacity-c1-main-1",
            "location": "westeurope",
            "name": "udacity-c1-main-1",
            "resource_group_name": "udacity",
            "security_rule": [
              {
                "access": "Allow",
                "description": "Allow HTTP Traffic from the Load Balancer to the VMs.",
                "destination_address_prefix": "10.0.2.0/24",
                "destination_address_prefixes": [],
                "destination_application_security_group_ids": [],
                "destination_port_range": "*",
                "destination_port_ranges": [],
                "direction": "Inbound",
                "name": "allowHttp",
                "priority": 300,
                "protocol": "Tcp",
                "source_address_prefix": "10.0.2.0/24",
                "source_address_prefixes": [],
                "source_application_security_group_ids": [],
                "source_port_range": "80",
                "source_port_ranges": []
              },
              {
                "access": "Allow",
                "description": "Allow access between VMs within virtual network.",
                "destination_address_prefix": "10.0.2.0/24",
                "destination_address_prefixes": [],
                "destination_application_security_group_ids": [],
                "destination_port_range": "*",
                "destination_port_ranges": [],
                "direction": "Inbound",
                "name": "accessInboundBetweenVM",
                "priority": 100,
                "protocol": "*",
                "source_address_prefix": "10.0.2.0/24",
                "source_address_prefixes": [],
                "source_application_security_group_ids": [],
                "source_port_range": "*",
                "source_port_ranges": []
              },
              {
                "access": "Allow",
                "description": "Allow outbound acces from vms.",
                "destination_address_prefix": "10.0.2.0/24",
                "destination_address_prefixes": [],
                "destination_application_security_group_ids": [],
                "destination_port_range": "*",
                "destination_port_ranges": [],
                "direction": "Outbound",
                "name": "accessOutboundBetweenVM",
                "priority": 200,
                "protocol": "*",
                "source_address_prefix": "10.0.2.0/24",
                "source_address_prefixes": [],
                "source_application_security_group_ids": [],
                "source_port_range": "*",
                "source_port_ranges": []
              },
              {
                "access": "Deny",
                "description": "Deny direct acces from internet.",
                "destination_address_prefix": "10.0.2.0/24",
                "destination_address_prefixes": [],
                "destination_application_security_group_ids": [],
                "destination_port_range": "*",
                "destination_port_ranges": [],
                "direction": "Inbound",
                "name": "denyPublicAccess",
                "priority": 400,
                "protocol": "*",
                "source_address_prefix": "*",
                "source_address_prefixes": [],
                "source_application_security_group_ids": [],
                "source_port_range": "*",
                "source_port_ranges": []
              }
            ],
            "tags": {
              "udacity": "C1"
            },
            "timeouts": null
          },
          "sensitive_attributes": [],
          "private": "eyJlMmJmYjczMC1lY2FhLTExZTYtOGY4OC0zNDM2M2JjN2M0YzAiOnsiY3JlYXRlIjoxODAwMDAwMDAwMDAwLCJkZWxldGUiOjE4MDAwMDAwMDAwMDAsInJlYWQiOjMwMDAwMDAwMDAwMCwidXBkYXRlIjoxODAwMDAwMDAwMDAwfX0=",
          "dependencies": [
            "azurerm_subnet.internal",
            "data.azurerm_resource_group.main"
          ]
        }
      ]
    },
    {
      "mode": "managed",
      "type": "azurerm_public_ip",
      "name": "main",
      "provider": "provider[\"registry.terraform.io/hashicorp/azurerm\"]",
      "instances": [
        {
          "schema_version": 0,
          "attributes": {
            "allocation_method": "Static",
            "ddos_protection_mode": "VirtualNetworkInherited",
            "ddos_protection_plan_id": null,
            "domain_name_label": null,
            "edge_zone": "",
            "fqdn": null,
            "id": "/subscriptions/848baf1b-afe1-4486-aa6c-1544eadf1fb6/resourceGroups/udacity/providers/Microsoft.Network/publicIPAddresses/udacity-c1-public-ip",
            "idle_timeout_in_minutes": 4,
            "ip_address": "98.71.223.40",
            "ip_tags": {},
            "ip_version": "IPv4",
            "location": "westeurope",
            "name": "udacity-c1-public-ip",
            "public_ip_prefix_id": null,
            "resource_group_name": "udacity",
            "reverse_fqdn": null,
            "sku": "Standard",
            "sku_tier": "Regional",
            "tags": {
              "udacity": "C1"
            },
            "timeouts": null,
            "zones": []
          },
          "sensitive_attributes": [],
          "private": "eyJlMmJmYjczMC1lY2FhLTExZTYtOGY4OC0zNDM2M2JjN2M0YzAiOnsiY3JlYXRlIjoxODAwMDAwMDAwMDAwLCJkZWxldGUiOjE4MDAwMDAwMDAwMDAsInJlYWQiOjMwMDAwMDAwMDAwMCwidXBkYXRlIjoxODAwMDAwMDAwMDAwfX0=",
          "dependencies": [
            "data.azurerm_resource_group.main"
          ]
        }
      ]
    },
    {
      "mode": "managed",
      "type": "azurerm_resource_group",
      "name": "main",
      "provider": "provider[\"registry.terraform.io/hashicorp/azurerm\"]",
      "instances": [
        {
          "schema_version": 0,
          "attributes": {
            "id": "/subscriptions/848baf1b-afe1-4486-aa6c-1544eadf1fb6/resourceGroups/udacity",
            "location": "westeurope",
            "managed_by": "",
            "name": "udacity",
            "tags": {},
            "timeouts": null
          },
          "sensitive_attributes": [],
          "private": "eyJlMmJmYjczMC1lY2FhLTExZTYtOGY4OC0zNDM2M2JjN2M0YzAiOnsiY3JlYXRlIjo1NDAwMDAwMDAwMDAwLCJkZWxldGUiOjU0MDAwMDAwMDAwMDAsInJlYWQiOjMwMDAwMDAwMDAwMCwidXBkYXRlIjo1NDAwMDAwMDAwMDAwfSwic2NoZW1hX3ZlcnNpb24iOiIwIn0="
        }
      ]
    },
    {
      "mode": "managed",
      "type": "azurerm_subnet",
      "name": "internal",
      "provider": "provider[\"registry.terraform.io/hashicorp/azurerm\"]",
      "instances": [
        {
          "schema_version": 0,
          "attributes": {
            "address_prefixes": [
              "10.0.2.0/24"
            ],
            "delegation": [],
            "enforce_private_link_endpoint_network_policies": false,
            "enforce_private_link_service_network_policies": false,
            "id": "/subscriptions/848baf1b-afe1-4486-aa6c-1544eadf1fb6/resourceGroups/udacity/providers/Microsoft.Network/virtualNetworks/udacity-c1-network/subnets/internal",
            "name": "internal",
            "private_endpoint_network_policies_enabled": true,
            "private_link_service_network_policies_enabled": true,
            "resource_group_name": "udacity",
            "service_endpoint_policy_ids": [],
            "service_endpoints": [],
            "timeouts": null,
            "virtual_network_name": "udacity-c1-network"
          },
          "sensitive_attributes": [],
          "private": "eyJlMmJmYjczMC1lY2FhLTExZTYtOGY4OC0zNDM2M2JjN2M0YzAiOnsiY3JlYXRlIjoxODAwMDAwMDAwMDAwLCJkZWxldGUiOjE4MDAwMDAwMDAwMDAsInJlYWQiOjMwMDAwMDAwMDAwMCwidXBkYXRlIjoxODAwMDAwMDAwMDAwfX0=",
          "dependencies": [
            "azurerm_resource_group.main",
            "azurerm_virtual_network.main"
          ]
        }
      ]
    },
    {
      "mode": "managed",
      "type": "azurerm_virtual_network",
      "name": "main",
      "provider": "provider[\"registry.terraform.io/hashicorp/azurerm\"]",
      "instances": [
        {
          "schema_version": 0,
          "attributes": {
            "address_space": [
              "10.0.0.0/22"
            ],
            "bgp_community": "",
            "ddos_protection_plan": [],
            "dns_servers": [],
            "edge_zone": "",
            "flow_timeout_in_minutes": 0,
            "guid": "d3925cbe-1b5b-4ce7-b2de-5aa8669ddecc",
            "id": "/subscriptions/848baf1b-afe1-4486-aa6c-1544eadf1fb6/resourceGroups/udacity/providers/Microsoft.Network/virtualNetworks/udacity-c1-network",
            "location": "westeurope",
            "name": "udacity-c1-network",
            "resource_group_name": "udacity",
            "subnet": [
              {
                "address_prefix": "10.0.2.0/24",
                "id": "/subscriptions/848baf1b-afe1-4486-aa6c-1544eadf1fb6/resourceGroups/udacity/providers/Microsoft.Network/virtualNetworks/udacity-c1-network/subnets/internal",
                "name": "internal",
                "security_group": ""
              }
            ],
            "tags": {
              "udacity": "C1"
            },
            "timeouts": null
          },
          "sensitive_attributes": [],
          "private": "eyJlMmJmYjczMC1lY2FhLTExZTYtOGY4OC0zNDM2M2JjN2M0YzAiOnsiY3JlYXRlIjoxODAwMDAwMDAwMDAwLCJkZWxldGUiOjE4MDAwMDAwMDAwMDAsInJlYWQiOjMwMDAwMDAwMDAwMCwidXBkYXRlIjoxODAwMDAwMDAwMDAwfX0=",
          "dependencies": [
            "azurerm_resource_group.main"
          ]
        }
      ]
    }
  ],
  "check_results": null
}
